
Microsoft Visual Studio Solution File, Format Version 12.00
# Visual Studio Version 17
VisualStudioVersion = 17.9.34622.214
MinimumVisualStudioVersion = 10.0.40219.1
Project("{9A19103F-16F7-4668-BE54-9A1E7A4F7556}") = "SkiResort.Presentation", "src\SkiResort.Presentation\SkiResort.Presentation.csproj", "{DF438713-1711-4649-AF3C-01F3EF3D9A3B}"
EndProject
Project("{9A19103F-16F7-4668-BE54-9A1E7A4F7556}") = "SkiResort.Domain", "src\SkiResort.Domain\SkiResort.Domain.csproj", "{B1813AA2-B1E7-418E-8F2F-AE36E66A33D9}"
EndProject
Project("{9A19103F-16F7-4668-BE54-9A1E7A4F7556}") = "SkiResort.Application", "src\SkiResort.Application\SkiResort.Application.csproj", "{7F8B3F8C-44B5-4120-A25E-8A141DA11AFF}"
EndProject
Project("{9A19103F-16F7-4668-BE54-9A1E7A4F7556}") = "SkiResort.Contracts", "src\SkiResort.Contracts\SkiResort.Contracts.csproj", "{0B15F8E0-47D9-4FDD-8297-6374EA120C80}"
EndProject
Project("{9A19103F-16F7-4668-BE54-9A1E7A4F7556}") = "SkiResort.Infrastructure", "src\SkiResort.Infrastructure\SkiResort.Infrastructure.csproj", "{8BEABAD8-81D5-4DCC-80B6-1EA59F6E1184}"
EndProject
Project("{2150E333-8FDC-42A3-9474-1A3956D46DE8}") = "Frontend", "Frontend", "{A2B54CA9-6766-4CF5-8D80-160AA3DCEE70}"
EndProject
Project("{9A19103F-16F7-4668-BE54-9A1E7A4F7556}") = "SkiResort.Frontend.Infrastructure", "src\Frontend\SkiResort.Frontend.Infrastructure\SkiResort.Frontend.Infrastructure.csproj", "{EFC4F378-6121-4570-8568-436A85FE2622}"
EndProject
Project("{9A19103F-16F7-4668-BE54-9A1E7A4F7556}") = "SkiResort.Frontend.Presentation", "src\Frontend\SkiResort.Frontend.Presentation\SkiResort.Frontend.Presentation.csproj", "{06514BB6-EAAF-49CB-96E8-3836BA57C39F}"
EndProject
Global
	GlobalSection(SolutionConfigurationPlatforms) = preSolution
		Debug|Any CPU = Debug|Any CPU
		Release|Any CPU = Release|Any CPU
	EndGlobalSection
	GlobalSection(ProjectConfigurationPlatforms) = postSolution
		{DF438713-1711-4649-AF3C-01F3EF3D9A3B}.Debug|Any CPU.ActiveCfg = Debug|Any CPU
		{DF438713-1711-4649-AF3C-01F3EF3D9A3B}.Debug|Any CPU.Build.0 = Debug|Any CPU
		{DF438713-1711-4649-AF3C-01F3EF3D9A3B}.Release|Any CPU.ActiveCfg = Release|Any CPU
		{DF438713-1711-4649-AF3C-01F3EF3D9A3B}.Release|Any CPU.Build.0 = Release|Any CPU
		{B1813AA2-B1E7-418E-8F2F-AE36E66A33D9}.Debug|Any CPU.ActiveCfg = Debug|Any CPU
		{B1813AA2-B1E7-418E-8F2F-AE36E66A33D9}.Debug|Any CPU.Build.0 = Debug|Any CPU
		{B1813AA2-B1E7-418E-8F2F-AE36E66A33D9}.Release|Any CPU.ActiveCfg = Release|Any CPU
		{B1813AA2-B1E7-418E-8F2F-AE36E66A33D9}.Release|Any CPU.Build.0 = Release|Any CPU
		{7F8B3F8C-44B5-4120-A25E-8A141DA11AFF}.Debug|Any CPU.ActiveCfg = Debug|Any CPU
		{7F8B3F8C-44B5-4120-A25E-8A141DA11AFF}.Debug|Any CPU.Build.0 = Debug|Any CPU
		{7F8B3F8C-44B5-4120-A25E-8A141DA11AFF}.Release|Any CPU.ActiveCfg = Release|Any CPU
		{7F8B3F8C-44B5-4120-A25E-8A141DA11AFF}.Release|Any CPU.Build.0 = Release|Any CPU
		{0B15F8E0-47D9-4FDD-8297-6374EA120C80}.Debug|Any CPU.ActiveCfg = Debug|Any CPU
		{0B15F8E0-47D9-4FDD-8297-6374EA120C80}.Debug|Any CPU.Build.0 = Debug|Any CPU
		{0B15F8E0-47D9-4FDD-8297-6374EA120C80}.Release|Any CPU.ActiveCfg = Release|Any CPU
		{0B15F8E0-47D9-4FDD-8297-6374EA120C80}.Release|Any CPU.Build.0 = Release|Any CPU
		{8BEABAD8-81D5-4DCC-80B6-1EA59F6E1184}.Debug|Any CPU.ActiveCfg = Debug|Any CPU
		{8BEABAD8-81D5-4DCC-80B6-1EA59F6E1184}.Debug|Any CPU.Build.0 = Debug|Any CPU
		{8BEABAD8-81D5-4DCC-80B6-1EA59F6E1184}.Release|Any CPU.ActiveCfg = Release|Any CPU
		{8BEABAD8-81D5-4DCC-80B6-1EA59F6E1184}.Release|Any CPU.Build.0 = Release|Any CPU
		{EFC4F378-6121-4570-8568-436A85FE2622}.Debug|Any CPU.ActiveCfg = Debug|Any CPU
		{EFC4F378-6121-4570-8568-436A85FE2622}.Debug|Any CPU.Build.0 = Debug|Any CPU
		{EFC4F378-6121-4570-8568-436A85FE2622}.Release|Any CPU.ActiveCfg = Release|Any CPU
		{EFC4F378-6121-4570-8568-436A85FE2622}.Release|Any CPU.Build.0 = Release|Any CPU
		{06514BB6-EAAF-49CB-96E8-3836BA57C39F}.Debug|Any CPU.ActiveCfg = Debug|Any CPU
		{06514BB6-EAAF-49CB-96E8-3836BA57C39F}.Debug|Any CPU.Build.0 = Debug|Any CPU
		{06514BB6-EAAF-49CB-96E8-3836BA57C39F}.Release|Any CPU.ActiveCfg = Release|Any CPU
		{06514BB6-EAAF-49CB-96E8-3836BA57C39F}.Release|Any CPU.Build.0 = Release|Any CPU
	EndGlobalSection
	GlobalSection(SolutionProperties) = preSolution
		HideSolutionNode = FALSE
	EndGlobalSection
	GlobalSection(NestedProjects) = preSolution
		{EFC4F378-6121-4570-8568-436A85FE2622} = {A2B54CA9-6766-4CF5-8D80-160AA3DCEE70}
		{06514BB6-EAAF-49CB-96E8-3836BA57C39F} = {A2B54CA9-6766-4CF5-8D80-160AA3DCEE70}
	EndGlobalSection
	GlobalSection(ExtensibilityGlobals) = postSolution
		SolutionGuid = {60B600BF-0EB7-49F6-9C1E-B83A7BC6495B}
	EndGlobalSection
EndGlobal
